
Microsoft Visual Studio Solution File, Format Version 12.00
# Visual Studio Version 16
VisualStudioVersion = 16.0.31624.102
MinimumVisualStudioVersion = 10.0.40219.1
Project("{FAE04EC0-301F-11D3-BF4B-00C04F79EFBC}") = "WormsWorld1", "WormsWorld1\WormsWorld1.csproj", "{E7A6519F-4104-494C-9308-C8769773AE1F}"
EndProject
Global
	GlobalSection(SolutionConfigurationPlatforms) = preSolution
		Debug|Any CPU = Debug|Any CPU
		Release|Any CPU = Release|Any CPU
	EndGlobalSection
	GlobalSection(ProjectConfigurationPlatforms) = postSolution
		{E7A6519F-4104-494C-9308-C8769773AE1F}.Debug|Any CPU.ActiveCfg = Debug|Any CPU
		{E7A6519F-4104-494C-9308-C8769773AE1F}.Debug|Any CPU.Build.0 = Debug|Any CPU
		{E7A6519F-4104-494C-9308-C8769773AE1F}.Release|Any CPU.ActiveCfg = Release|Any CPU
		{E7A6519F-4104-494C-9308-C8769773AE1F}.Release|Any CPU.Build.0 = Release|Any CPU
	EndGlobalSection
	GlobalSection(SolutionProperties) = preSolution
		HideSolutionNode = FALSE
	EndGlobalSection
	GlobalSection(ExtensibilityGlobals) = postSolution
		SolutionGuid = {F6C39CB3-060F-41DB-9BEB-541D51CACCAB}
	EndGlobalSection
EndGlobal
